// !$*UTF8*$!
{
	archiveVersion = 1;
	classes = {
	};
	objectVersion = 56;
	objects = {

/* Begin PBXBuildFile section */
		A10000010000000000000001 /* ScrollMyMacApp.swift in Sources */ = {isa = PBXBuildFile; fileRef = A20000010000000000000001 /* ScrollMyMacApp.swift */; };
		A10000010000000000000002 /* AppDelegate.swift in Sources */ = {isa = PBXBuildFile; fileRef = A20000010000000000000002 /* AppDelegate.swift */; };
		A10000010000000000000003 /* AppState.swift in Sources */ = {isa = PBXBuildFile; fileRef = A20000010000000000000003 /* AppState.swift */; };
		A10000010000000000000004 /* SettingsView.swift in Sources */ = {isa = PBXBuildFile; fileRef = A20000010000000000000004 /* SettingsView.swift */; };
		A10000010000000000000005 /* PermissionManager.swift in Sources */ = {isa = PBXBuildFile; fileRef = A20000010000000000000005 /* PermissionManager.swift */; };
		A10000010000000000000006 /* PermissionSetupView.swift in Sources */ = {isa = PBXBuildFile; fileRef = A20000010000000000000006 /* PermissionSetupView.swift */; };
		A10000010000000000000007 /* SafetyTimeoutManager.swift in Sources */ = {isa = PBXBuildFile; fileRef = A20000010000000000000007 /* SafetyTimeoutManager.swift */; };
		A10000010000000000000008 /* ScrollEngine.swift in Sources */ = {isa = PBXBuildFile; fileRef = A20000010000000000000008 /* ScrollEngine.swift */; };
		A10000010000000000000009 /* HotkeyManager.swift in Sources */ = {isa = PBXBuildFile; fileRef = A20000010000000000000009 /* HotkeyManager.swift */; };
		A10000010000000000000010 /* OverlayManager.swift in Sources */ = {isa = PBXBuildFile; fileRef = A20000010000000000000013 /* OverlayManager.swift */; };
		A10000010000000000000011 /* IndicatorDotView.swift in Sources */ = {isa = PBXBuildFile; fileRef = A20000010000000000000014 /* IndicatorDotView.swift */; };
		A10000010000000000000012 /* VelocityTracker.swift in Sources */ = {isa = PBXBuildFile; fileRef = A20000010000000000000015 /* VelocityTracker.swift */; };
		A10000010000000000000013 /* InertiaAnimator.swift in Sources */ = {isa = PBXBuildFile; fileRef = A20000010000000000000016 /* InertiaAnimator.swift */; };
		A10000010000000000000014 /* HotkeyDisplayHelper.swift in Sources */ = {isa = PBXBuildFile; fileRef = A20000010000000000000017 /* HotkeyDisplayHelper.swift */; };
		A10000010000000000000015 /* HotkeyRecorderView.swift in Sources */ = {isa = PBXBuildFile; fileRef = A20000010000000000000018 /* HotkeyRecorderView.swift */; };
		A10000010000000000000016 /* WindowExclusionManager.swift in Sources */ = {isa = PBXBuildFile; fileRef = A20000010000000000000019 /* WindowExclusionManager.swift */; };
		A10000010000000000000017 /* Assets.xcassets in Resources */ = {isa = PBXBuildFile; fileRef = A20000010000000000000020 /* Assets.xcassets */; };
		A10000010000000000000018 /* MenuBarManager.swift in Sources */ = {isa = PBXBuildFile; fileRef = A20000010000000000000021 /* MenuBarManager.swift */; };
		A10000010000000000000019 /* AppExclusionManager.swift in Sources */ = {isa = PBXBuildFile; fileRef = A20000010000000000000022 /* AppExclusionManager.swift */; };
/* End PBXBuildFile section */

/* Begin PBXFileReference section */
		A20000010000000000000001 /* ScrollMyMacApp.swift */ = {isa = PBXFileReference; lastKnownFileType = sourcecode.swift; path = ScrollMyMacApp.swift; sourceTree = "<group>"; };
		A20000010000000000000002 /* AppDelegate.swift */ = {isa = PBXFileReference; lastKnownFileType = sourcecode.swift; path = AppDelegate.swift; sourceTree = "<group>"; };
		A20000010000000000000003 /* AppState.swift */ = {isa = PBXFileReference; lastKnownFileType = sourcecode.swift; path = AppState.swift; sourceTree = "<group>"; };
		A20000010000000000000004 /* SettingsView.swift */ = {isa = PBXFileReference; lastKnownFileType = sourcecode.swift; path = SettingsView.swift; sourceTree = "<group>"; };
		A20000010000000000000005 /* PermissionManager.swift */ = {isa = PBXFileReference; lastKnownFileType = sourcecode.swift; path = PermissionManager.swift; sourceTree = "<group>"; };
		A20000010000000000000006 /* PermissionSetupView.swift */ = {isa = PBXFileReference; lastKnownFileType = sourcecode.swift; path = PermissionSetupView.swift; sourceTree = "<group>"; };
		A20000010000000000000007 /* SafetyTimeoutManager.swift */ = {isa = PBXFileReference; lastKnownFileType = sourcecode.swift; path = SafetyTimeoutManager.swift; sourceTree = "<group>"; };
		A20000010000000000000008 /* ScrollEngine.swift */ = {isa = PBXFileReference; lastKnownFileType = sourcecode.swift; path = ScrollEngine.swift; sourceTree = "<group>"; };
		A20000010000000000000009 /* HotkeyManager.swift */ = {isa = PBXFileReference; lastKnownFileType = sourcecode.swift; path = HotkeyManager.swift; sourceTree = "<group>"; };
		A20000010000000000000010 /* ScrollMyMac.app */ = {isa = PBXFileReference; explicitFileType = wrapper.application; includeInIndex = 0; path = ScrollMyMac.app; sourceTree = BUILT_PRODUCTS_DIR; };
		A20000010000000000000011 /* Info.plist */ = {isa = PBXFileReference; lastKnownFileType = text.plist.xml; path = Info.plist; sourceTree = "<group>"; };
		A20000010000000000000012 /* ScrollMyMac.entitlements */ = {isa = PBXFileReference; lastKnownFileType = text.plist.entitlements; path = ScrollMyMac.entitlements; sourceTree = "<group>"; };
		A20000010000000000000013 /* OverlayManager.swift */ = {isa = PBXFileReference; lastKnownFileType = sourcecode.swift; path = OverlayManager.swift; sourceTree = "<group>"; };
		A20000010000000000000014 /* IndicatorDotView.swift */ = {isa = PBXFileReference; lastKnownFileType = sourcecode.swift; path = IndicatorDotView.swift; sourceTree = "<group>"; };
		A20000010000000000000015 /* VelocityTracker.swift */ = {isa = PBXFileReference; lastKnownFileType = sourcecode.swift; path = VelocityTracker.swift; sourceTree = "<group>"; };
		A20000010000000000000016 /* InertiaAnimator.swift */ = {isa = PBXFileReference; lastKnownFileType = sourcecode.swift; path = InertiaAnimator.swift; sourceTree = "<group>"; };
		A20000010000000000000017 /* HotkeyDisplayHelper.swift */ = {isa = PBXFileReference; lastKnownFileType = sourcecode.swift; path = HotkeyDisplayHelper.swift; sourceTree = "<group>"; };
		A20000010000000000000018 /* HotkeyRecorderView.swift */ = {isa = PBXFileReference; lastKnownFileType = sourcecode.swift; path = HotkeyRecorderView.swift; sourceTree = "<group>"; };
		A20000010000000000000019 /* WindowExclusionManager.swift */ = {isa = PBXFileReference; lastKnownFileType = sourcecode.swift; path = WindowExclusionManager.swift; sourceTree = "<group>"; };
		A20000010000000000000020 /* Assets.xcassets */ = {isa = PBXFileReference; lastKnownFileType = folder.assetcatalog; path = Assets.xcassets; sourceTree = "<group>"; };
		A20000010000000000000021 /* MenuBarManager.swift */ = {isa = PBXFileReference; lastKnownFileType = sourcecode.swift; path = MenuBarManager.swift; sourceTree = "<group>"; };
		A20000010000000000000022 /* AppExclusionManager.swift */ = {isa = PBXFileReference; lastKnownFileType = sourcecode.swift; path = AppExclusionManager.swift; sourceTree = "<group>"; };
/* End PBXFileReference section */

/* Begin PBXFrameworksBuildPhase section */
		A30000010000000000000001 /* Frameworks */ = {
			isa = PBXFrameworksBuildPhase;
			buildActionMask = 2147483647;
			files = (
			);
			runOnlyForDeploymentPostprocessing = 0;
		};
/* End PBXFrameworksBuildPhase section */

/* Begin PBXGroup section */
		A40000010000000000000001 = {
			isa = PBXGroup;
			children = (
				A40000010000000000000002 /* ScrollMyMac */,
				A40000010000000000000009 /* Products */,
			);
			sourceTree = "<group>";
		};
		A40000010000000000000002 /* ScrollMyMac */ = {
			isa = PBXGroup;
			children = (
				A20000010000000000000001 /* ScrollMyMacApp.swift */,
				A20000010000000000000012 /* ScrollMyMac.entitlements */,
				A40000010000000000000003 /* App */,
				A40000010000000000000005 /* Features */,
				A40000010000000000000004 /* Services */,
				A40000010000000000000010 /* Views */,
				A40000010000000000000008 /* Resources */,
			);
			path = ScrollMyMac;
			sourceTree = "<group>";
		};
		A40000010000000000000003 /* App */ = {
			isa = PBXGroup;
			children = (
				A20000010000000000000002 /* AppDelegate.swift */,
				A20000010000000000000003 /* AppState.swift */,
			);
			path = App;
			sourceTree = "<group>";
		};
		A40000010000000000000004 /* Services */ = {
			isa = PBXGroup;
			children = (
				A20000010000000000000005 /* PermissionManager.swift */,
				A20000010000000000000007 /* SafetyTimeoutManager.swift */,
				A20000010000000000000008 /* ScrollEngine.swift */,
				A20000010000000000000009 /* HotkeyManager.swift */,
				A20000010000000000000013 /* OverlayManager.swift */,
				A20000010000000000000015 /* VelocityTracker.swift */,
				A20000010000000000000016 /* InertiaAnimator.swift */,
				A20000010000000000000019 /* WindowExclusionManager.swift */,
				A20000010000000000000021 /* MenuBarManager.swift */,
				A20000010000000000000022 /* AppExclusionManager.swift */,
			);
			path = Services;
			sourceTree = "<group>";
		};
		A40000010000000000000005 /* Features */ = {
			isa = PBXGroup;
			children = (
				A40000010000000000000006 /* Settings */,
			);
			path = Features;
			sourceTree = "<group>";
		};
		A40000010000000000000006 /* Settings */ = {
			isa = PBXGroup;
			children = (
				A20000010000000000000004 /* SettingsView.swift */,
				A20000010000000000000006 /* PermissionSetupView.swift */,
				A20000010000000000000017 /* HotkeyDisplayHelper.swift */,
				A20000010000000000000018 /* HotkeyRecorderView.swift */,
			);
			path = Settings;
			sourceTree = "<group>";
		};
		A40000010000000000000008 /* Resources */ = {
			isa = PBXGroup;
			children = (
				A20000010000000000000011 /* Info.plist */,
				A20000010000000000000020 /* Assets.xcassets */,
			);
			path = Resources;
			sourceTree = "<group>";
		};
		A40000010000000000000009 /* Products */ = {
			isa = PBXGroup;
			children = (
				A20000010000000000000010 /* ScrollMyMac.app */,
			);
			name = Products;
			sourceTree = "<group>";
		};
		A40000010000000000000010 /* Views */ = {
			isa = PBXGroup;
			children = (
				A20000010000000000000014 /* IndicatorDotView.swift */,
			);
			path = Views;
			sourceTree = "<group>";
		};
/* End PBXGroup section */

/* Begin PBXNativeTarget section */
		A50000010000000000000001 /* ScrollMyMac */ = {
			isa = PBXNativeTarget;
			buildConfigurationList = A70000010000000000000003 /* Build configuration list for PBXNativeTarget "ScrollMyMac" */;
			buildPhases = (
				A60000010000000000000001 /* Sources */,
				A30000010000000000000001 /* Frameworks */,
				A30000010000000000000002 /* Resources */,
			);
			buildRules = (
			);
			dependencies = (
			);
			name = ScrollMyMac;
			productName = ScrollMyMac;
			productReference = A20000010000000000000010 /* ScrollMyMac.app */;
			productType = "com.apple.product-type.application";
		};
/* End PBXNativeTarget section */

/* Begin PBXProject section */
		A80000010000000000000001 /* Project object */ = {
			isa = PBXProject;
			attributes = {
				BuildIndependentTargetsInParallel = 1;
				LastSwiftUpdateCheck = 1600;
				LastUpgradeCheck = 1600;
			};
			buildConfigurationList = A70000010000000000000001 /* Build configuration list for PBXProject "ScrollMyMac" */;
			compatibilityVersion = "Xcode 14.0";
			developmentRegion = en;
			hasScannedForEncodings = 0;
			knownRegions = (
				en,
				Base,
			);
			mainGroup = A40000010000000000000001;
			productRefGroup = A40000010000000000000009 /* Products */;
			projectDirPath = "";
			projectRoot = "";
			targets = (
				A50000010000000000000001 /* ScrollMyMac */,
			);
		};
/* End PBXProject section */

/* Begin PBXResourcesBuildPhase section */
		A30000010000000000000002 /* Resources */ = {
			isa = PBXResourcesBuildPhase;
			buildActionMask = 2147483647;
			files = (
				A10000010000000000000017 /* Assets.xcassets in Resources */,
			);
			runOnlyForDeploymentPostprocessing = 0;
		};
/* End PBXResourcesBuildPhase section */

/* Begin PBXSourcesBuildPhase section */
		A60000010000000000000001 /* Sources */ = {
			isa = PBXSourcesBuildPhase;
			buildActionMask = 2147483647;
			files = (
				A10000010000000000000001 /* ScrollMyMacApp.swift in Sources */,
				A10000010000000000000002 /* AppDelegate.swift in Sources */,
				A10000010000000000000003 /* AppState.swift in Sources */,
				A10000010000000000000004 /* SettingsView.swift in Sources */,
				A10000010000000000000005 /* PermissionManager.swift in Sources */,
				A10000010000000000000006 /* PermissionSetupView.swift in Sources */,
				A10000010000000000000007 /* SafetyTimeoutManager.swift in Sources */,
				A10000010000000000000008 /* ScrollEngine.swift in Sources */,
				A10000010000000000000009 /* HotkeyManager.swift in Sources */,
				A10000010000000000000010 /* OverlayManager.swift in Sources */,
				A10000010000000000000011 /* IndicatorDotView.swift in Sources */,
				A10000010000000000000012 /* VelocityTracker.swift in Sources */,
				A10000010000000000000013 /* InertiaAnimator.swift in Sources */,
				A10000010000000000000014 /* HotkeyDisplayHelper.swift in Sources */,
				A10000010000000000000015 /* HotkeyRecorderView.swift in Sources */,
				A10000010000000000000016 /* WindowExclusionManager.swift in Sources */,
				A10000010000000000000018 /* MenuBarManager.swift in Sources */,
				A10000010000000000000019 /* AppExclusionManager.swift in Sources */,
			);
			runOnlyForDeploymentPostprocessing = 0;
		};
/* End PBXSourcesBuildPhase section */

/* Begin XCBuildConfiguration section */
		A90000010000000000000001 /* Debug */ = {
			isa = XCBuildConfiguration;
			buildSettings = {
				ALWAYS_SEARCH_USER_PATHS = NO;
				ASSETCATALOG_COMPILER_GENERATE_SWIFT_ASSET_SYMBOL_EXTENSIONS = YES;
				CLANG_ANALYZER_NONNULL = YES;
				CLANG_CXX_LANGUAGE_STANDARD = "gnu++20";
				CLANG_ENABLE_MODULES = YES;
				CLANG_ENABLE_OBJC_ARC = YES;
				COPY_PHASE_STRIP = NO;
				DEBUG_INFORMATION_FORMAT = dwarf;
				ENABLE_STRICT_OBJC_MSGSEND = YES;
				ENABLE_TESTABILITY = YES;
				GCC_DYNAMIC_NO_PIC = NO;
				GCC_OPTIMIZATION_LEVEL = 0;
				GCC_WARN_ABOUT_RETURN_TYPE = YES_ERROR;
				GCC_WARN_UNINITIALIZED_AUTOS = YES_AGGRESSIVE;
				MACOSX_DEPLOYMENT_TARGET = 14.0;
				MTL_ENABLE_DEBUG_INFO = INCLUDE_SOURCE;
				ONLY_ACTIVE_ARCH = YES;
				SDKROOT = macosx;
				SWIFT_ACTIVE_COMPILATION_CONDITIONS = "DEBUG $(inherited)";
				SWIFT_OPTIMIZATION_LEVEL = "-Onone";
			};
			name = Debug;
		};
		A90000010000000000000002 /* Release */ = {
			isa = XCBuildConfiguration;
			buildSettings = {
				ALWAYS_SEARCH_USER_PATHS = NO;
				ASSETCATALOG_COMPILER_GENERATE_SWIFT_ASSET_SYMBOL_EXTENSIONS = YES;
				CLANG_ANALYZER_NONNULL = YES;
				CLANG_CXX_LANGUAGE_STANDARD = "gnu++20";
				CLANG_ENABLE_MODULES = YES;
				CLANG_ENABLE_OBJC_ARC = YES;
				COPY_PHASE_STRIP = NO;
				DEBUG_INFORMATION_FORMAT = "dwarf-with-dsym";
				ENABLE_NS_ASSERTIONS = NO;
				ENABLE_STRICT_OBJC_MSGSEND = YES;
				GCC_WARN_ABOUT_RETURN_TYPE = YES_ERROR;
				GCC_WARN_UNINITIALIZED_AUTOS = YES_AGGRESSIVE;
				MACOSX_DEPLOYMENT_TARGET = 14.0;
				SDKROOT = macosx;
				SWIFT_COMPILATION_MODE = wholemodule;
			};
			name = Release;
		};
		A90000010000000000000003 /* Debug */ = {
			isa = XCBuildConfiguration;
			buildSettings = {
				ASSETCATALOG_COMPILER_APPICON_NAME = AppIcon;
				CODE_SIGN_ENTITLEMENTS = ScrollMyMac/ScrollMyMac.entitlements;
				CODE_SIGN_IDENTITY = "Developer ID Application";
				"CODE_SIGN_IDENTITY[sdk=macosx*]" = "Developer ID Application";
				CODE_SIGN_STYLE = Manual;
				COMBINE_HIDPI_IMAGES = YES;
				CURRENT_PROJECT_VERSION = 1;
				DEVELOPMENT_TEAM = 2Q7B93XCX5;
				"DEVELOPMENT_TEAM[sdk=macosx*]" = 2Q7B93XCX5;
				ENABLE_HARDENED_RUNTIME = YES;
				GENERATE_INFOPLIST_FILE = YES;
				INFOPLIST_FILE = ScrollMyMac/Resources/Info.plist;
				INFOPLIST_KEY_NSMainNibFile = "";
				INFOPLIST_KEY_NSPrincipalClass = "";
				LD_RUNPATH_SEARCH_PATHS = (
					"$(inherited)",
					"@executable_path/../Frameworks",
				);
				MARKETING_VERSION = 1.3.0;
				PRODUCT_BUNDLE_IDENTIFIER = com.blakewatson.ScrollMyMac;
				PRODUCT_NAME = "$(TARGET_NAME)";
				SWIFT_EMIT_LOC_STRINGS = YES;
				SWIFT_VERSION = 5.0;
			};
			name = Debug;
		};
		A90000010000000000000004 /* Release */ = {
			isa = XCBuildConfiguration;
			buildSettings = {
				ASSETCATALOG_COMPILER_APPICON_NAME = AppIcon;
				CODE_SIGN_ENTITLEMENTS = ScrollMyMac/ScrollMyMac.entitlements;
				CODE_SIGN_IDENTITY = "Developer ID Application";
				"CODE_SIGN_IDENTITY[sdk=macosx*]" = "Developer ID Application";
				CODE_SIGN_STYLE = Manual;
				COMBINE_HIDPI_IMAGES = YES;
				CURRENT_PROJECT_VERSION = 1;
				DEVELOPMENT_TEAM = 2Q7B93XCX5;
				"DEVELOPMENT_TEAM[sdk=macosx*]" = 2Q7B93XCX5;
				ENABLE_HARDENED_RUNTIME = YES;
				GENERATE_INFOPLIST_FILE = YES;
				INFOPLIST_FILE = ScrollMyMac/Resources/Info.plist;
				INFOPLIST_KEY_NSMainNibFile = "";
				INFOPLIST_KEY_NSPrincipalClass = "";
				LD_RUNPATH_SEARCH_PATHS = (
					"$(inherited)",
					"@executable_path/../Frameworks",
				);
				MARKETING_VERSION = 1.3.0;
				PRODUCT_BUNDLE_IDENTIFIER = com.blakewatson.ScrollMyMac;
				PRODUCT_NAME = "$(TARGET_NAME)";
				SWIFT_EMIT_LOC_STRINGS = YES;
				SWIFT_VERSION = 5.0;
			};
			name = Release;
		};
/* End XCBuildConfiguration section */

/* Begin XCConfigurationList section */
		A70000010000000000000001 /* Build configuration list for PBXProject "ScrollMyMac" */ = {
			isa = XCConfigurationList;
			buildConfigurations = (
				A90000010000000000000001 /* Debug */,
				A90000010000000000000002 /* Release */,
			);
			defaultConfigurationIsVisible = 0;
			defaultConfigurationName = Release;
		};
		A70000010000000000000003 /* Build configuration list for PBXNativeTarget "ScrollMyMac" */ = {
			isa = XCConfigurationList;
			buildConfigurations = (
				A90000010000000000000003 /* Debug */,
				A90000010000000000000004 /* Release */,
			);
			defaultConfigurationIsVisible = 0;
			defaultConfigurationName = Release;
		};
/* End XCConfigurationList section */
	};
	rootObject = A80000010000000000000001 /* Project object */;
}
